PODS:
  - Alamofire (3.4.1)
  - SWXMLHash (2.0.2)

DEPENDENCIES:
  - Alamofire (~> 3.0)
  - SWXMLHash (~> 2.0.0)

SPEC CHECKSUMS:
  Alamofire: 01a82e2f6c0f860ade35534c8dd88be61bdef40c
  SWXMLHash: 9e6bd7db2e8275eaf3d2082265623d6e749e169d

PODFILE CHECKSUM: 75fd9231737569aa89adef2be6626e358aa48ccc

COCOAPODS: 1.0.1
